
Microsoft Visual Studio Solution File, Format Version 12.00
# Visual Studio Version 17
VisualStudioVersion = 17.5.33516.290
MinimumVisualStudioVersion = 10.0.40219.1
Project("{2150E333-8FDC-42A3-9474-1A3956D46DE8}") = "Tuan1", "Tuan1", "{9181D5E6-FC9B-49DF-B783-78438D8BB862}"
EndProject
Project("{FAE04EC0-301F-11D3-BF4B-00C04F79EFBC}") = "Helloworld", "Helloworld\Helloworld.csproj", "{D64E9738-CCE8-48A0-B2C0-7F52E854227A}"
EndProject
Project("{FAE04EC0-301F-11D3-BF4B-00C04F79EFBC}") = "GPTB2", "GPTB2\GPTB2.csproj", "{63DE7161-D76F-43DE-9A8D-27AD84BCB64F}"
EndProject
Global
	GlobalSection(SolutionConfigurationPlatforms) = preSolution
		Debug|Any CPU = Debug|Any CPU
		Release|Any CPU = Release|Any CPU
	EndGlobalSection
	GlobalSection(ProjectConfigurationPlatforms) = postSolution
		{D64E9738-CCE8-48A0-B2C0-7F52E854227A}.Debug|Any CPU.ActiveCfg = Debug|Any CPU
		{D64E9738-CCE8-48A0-B2C0-7F52E854227A}.Debug|Any CPU.Build.0 = Debug|Any CPU
		{D64E9738-CCE8-48A0-B2C0-7F52E854227A}.Release|Any CPU.ActiveCfg = Release|Any CPU
		{D64E9738-CCE8-48A0-B2C0-7F52E854227A}.Release|Any CPU.Build.0 = Release|Any CPU
		{63DE7161-D76F-43DE-9A8D-27AD84BCB64F}.Debug|Any CPU.ActiveCfg = Debug|Any CPU
		{63DE7161-D76F-43DE-9A8D-27AD84BCB64F}.Debug|Any CPU.Build.0 = Debug|Any CPU
		{63DE7161-D76F-43DE-9A8D-27AD84BCB64F}.Release|Any CPU.ActiveCfg = Release|Any CPU
		{63DE7161-D76F-43DE-9A8D-27AD84BCB64F}.Release|Any CPU.Build.0 = Release|Any CPU
	EndGlobalSection
	GlobalSection(SolutionProperties) = preSolution
		HideSolutionNode = FALSE
	EndGlobalSection
	GlobalSection(NestedProjects) = preSolution
		{D64E9738-CCE8-48A0-B2C0-7F52E854227A} = {9181D5E6-FC9B-49DF-B783-78438D8BB862}
		{63DE7161-D76F-43DE-9A8D-27AD84BCB64F} = {9181D5E6-FC9B-49DF-B783-78438D8BB862}
	EndGlobalSection
	GlobalSection(ExtensibilityGlobals) = postSolution
		SolutionGuid = {D4C30F91-0BCA-478C-AD90-15A902E40571}
	EndGlobalSection
EndGlobal
