
Microsoft Visual Studio Solution File, Format Version 12.00
# Visual Studio Version 17
VisualStudioVersion = 17.5.33516.290
MinimumVisualStudioVersion = 10.0.40219.1
Project("{2150E333-8FDC-42A3-9474-1A3956D46DE8}") = "Tuan1", "Tuan1", "{9181D5E6-FC9B-49DF-B783-78438D8BB862}"
EndProject
Project("{FAE04EC0-301F-11D3-BF4B-00C04F79EFBC}") = "Helloworld", "Helloworld\Helloworld.csproj", "{D64E9738-CCE8-48A0-B2C0-7F52E854227A}"
EndProject
Project("{2150E333-8FDC-42A3-9474-1A3956D46DE8}") = "Tuan2", "Tuan2", "{30221E6E-7233-4CC4-B3CF-01A8E2AF5FC3}"
EndProject
Project("{FAE04EC0-301F-11D3-BF4B-00C04F79EFBC}") = "ConsoleApp1", "ConsoleApp1\ConsoleApp1.csproj", "{6F2D13FE-D51E-486C-A15F-F48FF82215FB}"
EndProject
Global
	GlobalSection(SolutionConfigurationPlatforms) = preSolution
		Debug|Any CPU = Debug|Any CPU
		Release|Any CPU = Release|Any CPU
	EndGlobalSection
	GlobalSection(ProjectConfigurationPlatforms) = postSolution
		{D64E9738-CCE8-48A0-B2C0-7F52E854227A}.Debug|Any CPU.ActiveCfg = Debug|Any CPU
		{D64E9738-CCE8-48A0-B2C0-7F52E854227A}.Debug|Any CPU.Build.0 = Debug|Any CPU
		{D64E9738-CCE8-48A0-B2C0-7F52E854227A}.Release|Any CPU.ActiveCfg = Release|Any CPU
		{D64E9738-CCE8-48A0-B2C0-7F52E854227A}.Release|Any CPU.Build.0 = Release|Any CPU
		{6F2D13FE-D51E-486C-A15F-F48FF82215FB}.Debug|Any CPU.ActiveCfg = Debug|Any CPU
		{6F2D13FE-D51E-486C-A15F-F48FF82215FB}.Debug|Any CPU.Build.0 = Debug|Any CPU
		{6F2D13FE-D51E-486C-A15F-F48FF82215FB}.Release|Any CPU.ActiveCfg = Release|Any CPU
		{6F2D13FE-D51E-486C-A15F-F48FF82215FB}.Release|Any CPU.Build.0 = Release|Any CPU
	EndGlobalSection
	GlobalSection(SolutionProperties) = preSolution
		HideSolutionNode = FALSE
	EndGlobalSection
	GlobalSection(NestedProjects) = preSolution
		{D64E9738-CCE8-48A0-B2C0-7F52E854227A} = {9181D5E6-FC9B-49DF-B783-78438D8BB862}
		{6F2D13FE-D51E-486C-A15F-F48FF82215FB} = {30221E6E-7233-4CC4-B3CF-01A8E2AF5FC3}
	EndGlobalSection
	GlobalSection(ExtensibilityGlobals) = postSolution
		SolutionGuid = {D4C30F91-0BCA-478C-AD90-15A902E40571}
	EndGlobalSection
EndGlobal
